
Microsoft Visual Studio Solution File, Format Version 12.00
# Visual Studio Version 17
VisualStudioVersion = 17.8.34601.278
MinimumVisualStudioVersion = 10.0.40219.1
Project("{FAE04EC0-301F-11D3-BF4B-00C04F79EFBC}") = "DataLayer", "DataLayer\DataLayer.csproj", "{C6FFDF17-5B80-49F6-94C0-51110FC52444}"
EndProject
Project("{FAE04EC0-301F-11D3-BF4B-00C04F79EFBC}") = "BusinessLayer", "BusinessLayer\BusinessLayer.csproj", "{9264E4ED-A383-409B-993D-CE3416B2DEBA}"
EndProject
Project("{FAE04EC0-301F-11D3-BF4B-00C04F79EFBC}") = "QLCB", "QLCB\QLCB.csproj", "{AE8F4F51-9C84-4FBB-B75A-423372209B62}"
EndProject
Global
	GlobalSection(SolutionConfigurationPlatforms) = preSolution
		Debug|Any CPU = Debug|Any CPU
		Release|Any CPU = Release|Any CPU
	EndGlobalSection
	GlobalSection(ProjectConfigurationPlatforms) = postSolution
		{C6FFDF17-5B80-49F6-94C0-51110FC52444}.Debug|Any CPU.ActiveCfg = Debug|Any CPU
		{C6FFDF17-5B80-49F6-94C0-51110FC52444}.Debug|Any CPU.Build.0 = Debug|Any CPU
		{C6FFDF17-5B80-49F6-94C0-51110FC52444}.Release|Any CPU.ActiveCfg = Release|Any CPU
		{C6FFDF17-5B80-49F6-94C0-51110FC52444}.Release|Any CPU.Build.0 = Release|Any CPU
		{9264E4ED-A383-409B-993D-CE3416B2DEBA}.Debug|Any CPU.ActiveCfg = Debug|Any CPU
		{9264E4ED-A383-409B-993D-CE3416B2DEBA}.Debug|Any CPU.Build.0 = Debug|Any CPU
		{9264E4ED-A383-409B-993D-CE3416B2DEBA}.Release|Any CPU.ActiveCfg = Release|Any CPU
		{9264E4ED-A383-409B-993D-CE3416B2DEBA}.Release|Any CPU.Build.0 = Release|Any CPU
		{AE8F4F51-9C84-4FBB-B75A-423372209B62}.Debug|Any CPU.ActiveCfg = Debug|Any CPU
		{AE8F4F51-9C84-4FBB-B75A-423372209B62}.Debug|Any CPU.Build.0 = Debug|Any CPU
		{AE8F4F51-9C84-4FBB-B75A-423372209B62}.Release|Any CPU.ActiveCfg = Release|Any CPU
		{AE8F4F51-9C84-4FBB-B75A-423372209B62}.Release|Any CPU.Build.0 = Release|Any CPU
	EndGlobalSection
	GlobalSection(SolutionProperties) = preSolution
		HideSolutionNode = FALSE
	EndGlobalSection
	GlobalSection(ExtensibilityGlobals) = postSolution
		SolutionGuid = {1429C917-A3CE-4E28-B52E-8EB7C447DFB8}
	EndGlobalSection
EndGlobal
